// !$*UTF8*$!
{
	archiveVersion = 1;
	classes = {
	};
	objectVersion = 55;
	objects = {

/* Begin PBXBuildFile section */
		1BF50AE92A306768001B5582 /* AppDelegate.m in Sources */ = {isa = PBXBuildFile; fileRef = 1BF50AE82A306768001B5582 /* AppDelegate.m */; };
		1BF50AEC2A306768001B5582 /* SceneDelegate.m in Sources */ = {isa = PBXBuildFile; fileRef = 1BF50AEB2A306768001B5582 /* SceneDelegate.m */; };
		1BF50AEF2A306768001B5582 /* ViewController.m in Sources */ = {isa = PBXBuildFile; fileRef = 1BF50AEE2A306768001B5582 /* ViewController.m */; };
		1BF50AF22A306768001B5582 /* Main.storyboard in Resources */ = {isa = PBXBuildFile; fileRef = 1BF50AF02A306768001B5582 /* Main.storyboard */; };
		1BF50AF42A30676A001B5582 /* Assets.xcassets in Resources */ = {isa = PBXBuildFile; fileRef = 1BF50AF32A30676A001B5582 /* Assets.xcassets */; };
		1BF50AF72A30676A001B5582 /* LaunchScreen.storyboard in Resources */ = {isa = PBXBuildFile; fileRef = 1BF50AF52A30676A001B5582 /* LaunchScreen.storyboard */; };
		1BF50AFA2A30676A001B5582 /* main.m in Sources */ = {isa = PBXBuildFile; fileRef = 1BF50AF92A30676A001B5582 /* main.m */; };
		1BF50B042A307B3B001B5582 /* DataManagerProviderBridge.swift in Sources */ = {isa = PBXBuildFile; fileRef = 1BF50B032A307B3B001B5582 /* DataManagerProviderBridge.swift */; };
		B928E06F3288966C5E0D825A /* Pods_ObjectiveCExample.framework in Frameworks */ = {isa = PBXBuildFile; fileRef = 98D104DDEC0C5BC7732B347C /* Pods_ObjectiveCExample.framework */; };
/* End PBXBuildFile section */

/* Begin PBXFileReference section */
		08BA889A2187069CC5B6B0C4 /* Pods-ObjectiveCExample.debug.xcconfig */ = {isa = PBXFileReference; includeInIndex = 1; lastKnownFileType = text.xcconfig; name = "Pods-ObjectiveCExample.debug.xcconfig"; path = "Target Support Files/Pods-ObjectiveCExample/Pods-ObjectiveCExample.debug.xcconfig"; sourceTree = "<group>"; };
		1BF50AE42A306768001B5582 /* ObjectiveCExample.app */ = {isa = PBXFileReference; explicitFileType = wrapper.application; includeInIndex = 0; path = ObjectiveCExample.app; sourceTree = BUILT_PRODUCTS_DIR; };
		1BF50AE72A306768001B5582 /* AppDelegate.h */ = {isa = PBXFileReference; lastKnownFileType = sourcecode.c.h; path = AppDelegate.h; sourceTree = "<group>"; };
		1BF50AE82A306768001B5582 /* AppDelegate.m */ = {isa = PBXFileReference; lastKnownFileType = sourcecode.c.objc; path = AppDelegate.m; sourceTree = "<group>"; };
		1BF50AEA2A306768001B5582 /* SceneDelegate.h */ = {isa = PBXFileReference; lastKnownFileType = sourcecode.c.h; path = SceneDelegate.h; sourceTree = "<group>"; };
		1BF50AEB2A306768001B5582 /* SceneDelegate.m */ = {isa = PBXFileReference; lastKnownFileType = sourcecode.c.objc; path = SceneDelegate.m; sourceTree = "<group>"; };
		1BF50AED2A306768001B5582 /* ViewController.h */ = {isa = PBXFileReference; lastKnownFileType = sourcecode.c.h; path = ViewController.h; sourceTree = "<group>"; };
		1BF50AEE2A306768001B5582 /* ViewController.m */ = {isa = PBXFileReference; lastKnownFileType = sourcecode.c.objc; path = ViewController.m; sourceTree = "<group>"; };
		1BF50AF12A306768001B5582 /* Base */ = {isa = PBXFileReference; lastKnownFileType = file.storyboard; name = Base; path = Base.lproj/Main.storyboard; sourceTree = "<group>"; };
		1BF50AF32A30676A001B5582 /* Assets.xcassets */ = {isa = PBXFileReference; lastKnownFileType = folder.assetcatalog; path = Assets.xcassets; sourceTree = "<group>"; };
		1BF50AF62A30676A001B5582 /* Base */ = {isa = PBXFileReference; lastKnownFileType = file.storyboard; name = Base; path = Base.lproj/LaunchScreen.storyboard; sourceTree = "<group>"; };
		1BF50AF82A30676A001B5582 /* Info.plist */ = {isa = PBXFileReference; lastKnownFileType = text.plist.xml; path = Info.plist; sourceTree = "<group>"; };
		1BF50AF92A30676A001B5582 /* main.m */ = {isa = PBXFileReference; lastKnownFileType = sourcecode.c.objc; path = main.m; sourceTree = "<group>"; };
		1BF50B032A307B3B001B5582 /* DataManagerProviderBridge.swift */ = {isa = PBXFileReference; lastKnownFileType = sourcecode.swift; path = DataManagerProviderBridge.swift; sourceTree = "<group>"; };
		1BF50B052A307BFF001B5582 /* ObjectiveCExample-Bridging-Header.h */ = {isa = PBXFileReference; lastKnownFileType = sourcecode.c.h; path = "ObjectiveCExample-Bridging-Header.h"; sourceTree = "<group>"; };
		98D104DDEC0C5BC7732B347C /* Pods_ObjectiveCExample.framework */ = {isa = PBXFileReference; explicitFileType = wrapper.framework; includeInIndex = 0; path = Pods_ObjectiveCExample.framework; sourceTree = BUILT_PRODUCTS_DIR; };
		FF081BA5780840FAA6F17650 /* Pods-ObjectiveCExample.release.xcconfig */ = {isa = PBXFileReference; includeInIndex = 1; lastKnownFileType = text.xcconfig; name = "Pods-ObjectiveCExample.release.xcconfig"; path = "Target Support Files/Pods-ObjectiveCExample/Pods-ObjectiveCExample.release.xcconfig"; sourceTree = "<group>"; };
/* End PBXFileReference section */

/* Begin PBXFrameworksBuildPhase section */
		1BF50AE12A306768001B5582 /* Frameworks */ = {
			isa = PBXFrameworksBuildPhase;
			buildActionMask = 2147483647;
			files = (
				B928E06F3288966C5E0D825A /* Pods_ObjectiveCExample.framework in Frameworks */,
			);
			runOnlyForDeploymentPostprocessing = 0;
		};
/* End PBXFrameworksBuildPhase section */

/* Begin PBXGroup section */
		1BF50ADB2A306768001B5582 = {
			isa = PBXGroup;
			children = (
				1BF50AE62A306768001B5582 /* ObjectiveCExample */,
				1BF50AE52A306768001B5582 /* Products */,
				FCB65E8AB6BE14E906B3FE9B /* Pods */,
				66B7168DCB633E8269960198 /* Frameworks */,
			);
			sourceTree = "<group>";
		};
		1BF50AE52A306768001B5582 /* Products */ = {
			isa = PBXGroup;
			children = (
				1BF50AE42A306768001B5582 /* ObjectiveCExample.app */,
			);
			name = Products;
			sourceTree = "<group>";
		};
		1BF50AE62A306768001B5582 /* ObjectiveCExample */ = {
			isa = PBXGroup;
			children = (
				1BF50AE72A306768001B5582 /* AppDelegate.h */,
				1BF50AE82A306768001B5582 /* AppDelegate.m */,
				1BF50AEA2A306768001B5582 /* SceneDelegate.h */,
				1BF50AEB2A306768001B5582 /* SceneDelegate.m */,
				1BF50AED2A306768001B5582 /* ViewController.h */,
				1BF50AEE2A306768001B5582 /* ViewController.m */,
				1BF50AF02A306768001B5582 /* Main.storyboard */,
				1BF50AF32A30676A001B5582 /* Assets.xcassets */,
				1BF50AF52A30676A001B5582 /* LaunchScreen.storyboard */,
				1BF50AF82A30676A001B5582 /* Info.plist */,
				1BF50AF92A30676A001B5582 /* main.m */,
				1BF50B032A307B3B001B5582 /* DataManagerProviderBridge.swift */,
				1BF50B052A307BFF001B5582 /* ObjectiveCExample-Bridging-Header.h */,
			);
			path = ObjectiveCExample;
			sourceTree = "<group>";
		};
		66B7168DCB633E8269960198 /* Frameworks */ = {
			isa = PBXGroup;
			children = (
				98D104DDEC0C5BC7732B347C /* Pods_ObjectiveCExample.framework */,
			);
			name = Frameworks;
			sourceTree = "<group>";
		};
		FCB65E8AB6BE14E906B3FE9B /* Pods */ = {
			isa = PBXGroup;
			children = (
				08BA889A2187069CC5B6B0C4 /* Pods-ObjectiveCExample.debug.xcconfig */,
				FF081BA5780840FAA6F17650 /* Pods-ObjectiveCExample.release.xcconfig */,
			);
			name = Pods;
			path = Pods;
			sourceTree = "<group>";
		};
/* End PBXGroup section */

/* Begin PBXNativeTarget section */
		1BF50AE32A306768001B5582 /* ObjectiveCExample */ = {
			isa = PBXNativeTarget;
			buildConfigurationList = 1BF50AFD2A30676A001B5582 /* Build configuration list for PBXNativeTarget "ObjectiveCExample" */;
			buildPhases = (
				A41D05E4F79CAB8578110C95 /* [CP] Check Pods Manifest.lock */,
				1BF50AE02A306768001B5582 /* Sources */,
				1BF50AE12A306768001B5582 /* Frameworks */,
				1BF50AE22A306768001B5582 /* Resources */,
				70F6AC4EBDF07F7CB31CECB3 /* [CP] Embed Pods Frameworks */,
			);
			buildRules = (
			);
			dependencies = (
			);
			name = ObjectiveCExample;
			productName = ObjectiveCExample;
			productReference = 1BF50AE42A306768001B5582 /* ObjectiveCExample.app */;
			productType = "com.apple.product-type.application";
		};
/* End PBXNativeTarget section */

/* Begin PBXProject section */
		1BF50ADC2A306768001B5582 /* Project object */ = {
			isa = PBXProject;
			attributes = {
				BuildIndependentTargetsInParallel = 1;
				LastUpgradeCheck = 1430;
				TargetAttributes = {
					1BF50AE32A306768001B5582 = {
						CreatedOnToolsVersion = 14.3;
						LastSwiftMigration = 1430;
					};
				};
			};
			buildConfigurationList = 1BF50ADF2A306768001B5582 /* Build configuration list for PBXProject "ObjectiveCExample" */;
			compatibilityVersion = "Xcode 13.0";
			developmentRegion = en;
			hasScannedForEncodings = 0;
			knownRegions = (
				en,
				Base,
			);
			mainGroup = 1BF50ADB2A306768001B5582;
			productRefGroup = 1BF50AE52A306768001B5582 /* Products */;
			projectDirPath = "";
			projectRoot = "";
			targets = (
				1BF50AE32A306768001B5582 /* ObjectiveCExample */,
			);
		};
/* End PBXProject section */

/* Begin PBXResourcesBuildPhase section */
		1BF50AE22A306768001B5582 /* Resources */ = {
			isa = PBXResourcesBuildPhase;
			buildActionMask = 2147483647;
			files = (
				1BF50AF72A30676A001B5582 /* LaunchScreen.storyboard in Resources */,
				1BF50AF42A30676A001B5582 /* Assets.xcassets in Resources */,
				1BF50AF22A306768001B5582 /* Main.storyboard in Resources */,
			);
			runOnlyForDeploymentPostprocessing = 0;
		};
/* End PBXResourcesBuildPhase section */

/* Begin PBXShellScriptBuildPhase section */
		70F6AC4EBDF07F7CB31CECB3 /* [CP] Embed Pods Frameworks */ = {
			isa = PBXShellScriptBuildPhase;
			buildActionMask = 2147483647;
			files = (
			);
			inputFileListPaths = (
				"${PODS_ROOT}/Target Support Files/Pods-ObjectiveCExample/Pods-ObjectiveCExample-frameworks-${CONFIGURATION}-input-files.xcfilelist",
			);
			name = "[CP] Embed Pods Frameworks";
			outputFileListPaths = (
				"${PODS_ROOT}/Target Support Files/Pods-ObjectiveCExample/Pods-ObjectiveCExample-frameworks-${CONFIGURATION}-output-files.xcfilelist",
			);
			runOnlyForDeploymentPostprocessing = 0;
			shellPath = /bin/sh;
			shellScript = "\"${PODS_ROOT}/Target Support Files/Pods-ObjectiveCExample/Pods-ObjectiveCExample-frameworks.sh\"\n";
			showEnvVarsInLog = 0;
		};
		A41D05E4F79CAB8578110C95 /* [CP] Check Pods Manifest.lock */ = {
			isa = PBXShellScriptBuildPhase;
			buildActionMask = 2147483647;
			files = (
			);
			inputFileListPaths = (
			);
			inputPaths = (
				"${PODS_PODFILE_DIR_PATH}/Podfile.lock",
				"${PODS_ROOT}/Manifest.lock",
			);
			name = "[CP] Check Pods Manifest.lock";
			outputFileListPaths = (
			);
			outputPaths = (
				"$(DERIVED_FILE_DIR)/Pods-ObjectiveCExample-checkManifestLockResult.txt",
			);
			runOnlyForDeploymentPostprocessing = 0;
			shellPath = /bin/sh;
			shellScript = "diff \"${PODS_PODFILE_DIR_PATH}/Podfile.lock\" \"${PODS_ROOT}/Manifest.lock\" > /dev/null\nif [ $? != 0 ] ; then\n    # print error to STDERR\n    echo \"error: The sandbox is not in sync with the Podfile.lock. Run 'pod install' or update your CocoaPods installation.\" >&2\n    exit 1\nfi\n# This output is used by Xcode 'outputs' to avoid re-running this script phase.\necho \"SUCCESS\" > \"${SCRIPT_OUTPUT_FILE_0}\"\n";
			showEnvVarsInLog = 0;
		};
/* End PBXShellScriptBuildPhase section */

/* Begin PBXSourcesBuildPhase section */
		1BF50AE02A306768001B5582 /* Sources */ = {
			isa = PBXSourcesBuildPhase;
			buildActionMask = 2147483647;
			files = (
				1BF50AEF2A306768001B5582 /* ViewController.m in Sources */,
				1BF50AE92A306768001B5582 /* AppDelegate.m in Sources */,
				1BF50B042A307B3B001B5582 /* DataManagerProviderBridge.swift in Sources */,
				1BF50AFA2A30676A001B5582 /* main.m in Sources */,
				1BF50AEC2A306768001B5582 /* SceneDelegate.m in Sources */,
			);
			runOnlyForDeploymentPostprocessing = 0;
		};
/* End PBXSourcesBuildPhase section */

/* Begin PBXVariantGroup section */
		1BF50AF02A306768001B5582 /* Main.storyboard */ = {
			isa = PBXVariantGroup;
			children = (
				1BF50AF12A306768001B5582 /* Base */,
			);
			name = Main.storyboard;
			sourceTree = "<group>";
		};
		1BF50AF52A30676A001B5582 /* LaunchScreen.storyboard */ = {
			isa = PBXVariantGroup;
			children = (
				1BF50AF62A30676A001B5582 /* Base */,
			);
			name = LaunchScreen.storyboard;
			sourceTree = "<group>";
		};
/* End PBXVariantGroup section */

/* Begin XCBuildConfiguration section */
		1BF50AFB2A30676A001B5582 /* Debug */ = {
			isa = XCBuildConfiguration;
			buildSettings = {
				ALWAYS_SEARCH_USER_PATHS = NO;
				CLANG_ANALYZER_NONNULL = YES;
				CLANG_ANALYZER_NUMBER_OBJECT_CONVERSION = YES_AGGRESSIVE;
				CLANG_CXX_LANGUAGE_STANDARD = "gnu++20";
				CLANG_ENABLE_MODULES = YES;
				CLANG_ENABLE_OBJC_ARC = YES;
				CLANG_ENABLE_OBJC_WEAK = YES;
				CLANG_WARN_BLOCK_CAPTURE_AUTORELEASING = YES;
				CLANG_WARN_BOOL_CONVERSION = YES;
				CLANG_WARN_COMMA = YES;
				CLANG_WARN_CONSTANT_CONVERSION = YES;
				CLANG_WARN_DEPRECATED_OBJC_IMPLEMENTATIONS = YES;
				CLANG_WARN_DIRECT_OBJC_ISA_USAGE = YES_ERROR;
				CLANG_WARN_DOCUMENTATION_COMMENTS = YES;
				CLANG_WARN_EMPTY_BODY = YES;
				CLANG_WARN_ENUM_CONVERSION = YES;
				CLANG_WARN_INFINITE_RECURSION = YES;
				CLANG_WARN_INT_CONVERSION = YES;
				CLANG_WARN_NON_LITERAL_NULL_CONVERSION = YES;
				CLANG_WARN_OBJC_IMPLICIT_RETAIN_SELF = YES;
				CLANG_WARN_OBJC_LITERAL_CONVERSION = YES;
				CLANG_WARN_OBJC_ROOT_CLASS = YES_ERROR;
				CLANG_WARN_QUOTED_INCLUDE_IN_FRAMEWORK_HEADER = YES;
				CLANG_WARN_RANGE_LOOP_ANALYSIS = YES;
				CLANG_WARN_STRICT_PROTOTYPES = YES;
				CLANG_WARN_SUSPICIOUS_MOVE = YES;
				CLANG_WARN_UNGUARDED_AVAILABILITY = YES_AGGRESSIVE;
				CLANG_WARN_UNREACHABLE_CODE = YES;
				CLANG_WARN__DUPLICATE_METHOD_MATCH = YES;
				COPY_PHASE_STRIP = NO;
				DEBUG_INFORMATION_FORMAT = dwarf;
				ENABLE_STRICT_OBJC_MSGSEND = YES;
				ENABLE_TESTABILITY = YES;
				GCC_C_LANGUAGE_STANDARD = gnu11;
				GCC_DYNAMIC_NO_PIC = NO;
				GCC_NO_COMMON_BLOCKS = YES;
				GCC_OPTIMIZATION_LEVEL = 0;
				GCC_PREPROCESSOR_DEFINITIONS = (
					"DEBUG=1",
					"$(inherited)",
				);
				GCC_WARN_64_TO_32_BIT_CONVERSION = YES;
				GCC_WARN_ABOUT_RETURN_TYPE = YES_ERROR;
				GCC_WARN_UNDECLARED_SELECTOR = YES;
				GCC_WARN_UNINITIALIZED_AUTOS = YES_AGGRESSIVE;
				GCC_WARN_UNUSED_FUNCTION = YES;
				GCC_WARN_UNUSED_VARIABLE = YES;
				IPHONEOS_DEPLOYMENT_TARGET = 16.4;
				MTL_ENABLE_DEBUG_INFO = INCLUDE_SOURCE;
				MTL_FAST_MATH = YES;
				ONLY_ACTIVE_ARCH = YES;
				SDKROOT = iphoneos;
			};
			name = Debug;
		};
		1BF50AFC2A30676A001B5582 /* Release */ = {
			isa = XCBuildConfiguration;
			buildSettings = {
				ALWAYS_SEARCH_USER_PATHS = NO;
				CLANG_ANALYZER_NONNULL = YES;
				CLANG_ANALYZER_NUMBER_OBJECT_CONVERSION = YES_AGGRESSIVE;
				CLANG_CXX_LANGUAGE_STANDARD = "gnu++20";
				CLANG_ENABLE_MODULES = YES;
				CLANG_ENABLE_OBJC_ARC = YES;
				CLANG_ENABLE_OBJC_WEAK = YES;
				CLANG_WARN_BLOCK_CAPTURE_AUTORELEASING = YES;
				CLANG_WARN_BOOL_CONVERSION = YES;
				CLANG_WARN_COMMA = YES;
				CLANG_WARN_CONSTANT_CONVERSION = YES;
				CLANG_WARN_DEPRECATED_OBJC_IMPLEMENTATIONS = YES;
				CLANG_WARN_DIRECT_OBJC_ISA_USAGE = YES_ERROR;
				CLANG_WARN_DOCUMENTATION_COMMENTS = YES;
				CLANG_WARN_EMPTY_BODY = YES;
				CLANG_WARN_ENUM_CONVERSION = YES;
				CLANG_WARN_INFINITE_RECURSION = YES;
				CLANG_WARN_INT_CONVERSION = YES;
				CLANG_WARN_NON_LITERAL_NULL_CONVERSION = YES;
				CLANG_WARN_OBJC_IMPLICIT_RETAIN_SELF = YES;
				CLANG_WARN_OBJC_LITERAL_CONVERSION = YES;
				CLANG_WARN_OBJC_ROOT_CLASS = YES_ERROR;
				CLANG_WARN_QUOTED_INCLUDE_IN_FRAMEWORK_HEADER = YES;
				CLANG_WARN_RANGE_LOOP_ANALYSIS = YES;
				CLANG_WARN_STRICT_PROTOTYPES = YES;
				CLANG_WARN_SUSPICIOUS_MOVE = YES;
				CLANG_WARN_UNGUARDED_AVAILABILITY = YES_AGGRESSIVE;
				CLANG_WARN_UNREACHABLE_CODE = YES;
				CLANG_WARN__DUPLICATE_METHOD_MATCH = YES;
				COPY_PHASE_STRIP = NO;
				DEBUG_INFORMATION_FORMAT = "dwarf-with-dsym";
				ENABLE_NS_ASSERTIONS = NO;
				ENABLE_STRICT_OBJC_MSGSEND = YES;
				GCC_C_LANGUAGE_STANDARD = gnu11;
				GCC_NO_COMMON_BLOCKS = YES;
				GCC_WARN_64_TO_32_BIT_CONVERSION = YES;
				GCC_WARN_ABOUT_RETURN_TYPE = YES_ERROR;
				GCC_WARN_UNDECLARED_SELECTOR = YES;
				GCC_WARN_UNINITIALIZED_AUTOS = YES_AGGRESSIVE;
				GCC_WARN_UNUSED_FUNCTION = YES;
				GCC_WARN_UNUSED_VARIABLE = YES;
				IPHONEOS_DEPLOYMENT_TARGET = 16.4;
				MTL_ENABLE_DEBUG_INFO = NO;
				MTL_FAST_MATH = YES;
				SDKROOT = iphoneos;
				VALIDATE_PRODUCT = YES;
			};
			name = Release;
		};
		1BF50AFE2A30676A001B5582 /* Debug */ = {
			isa = XCBuildConfiguration;
			baseConfigurationReference = 08BA889A2187069CC5B6B0C4 /* Pods-ObjectiveCExample.debug.xcconfig */;
			buildSettings = {
				ASSETCATALOG_COMPILER_APPICON_NAME = AppIcon;
				ASSETCATALOG_COMPILER_GLOBAL_ACCENT_COLOR_NAME = AccentColor;
				CLANG_ENABLE_MODULES = YES;
				CODE_SIGN_STYLE = Automatic;
				CURRENT_PROJECT_VERSION = 1;
				DEVELOPMENT_TEAM = 96GLU9F9BW;
				GENERATE_INFOPLIST_FILE = YES;
				INFOPLIST_FILE = ObjectiveCExample/Info.plist;
				INFOPLIST_KEY_UIApplicationSupportsIndirectInputEvents = YES;
				INFOPLIST_KEY_UILaunchStoryboardName = LaunchScreen;
				INFOPLIST_KEY_UIMainStoryboardFile = Main;
				INFOPLIST_KEY_UISupportedInterfaceOrientations_iPad = "UIInterfaceOrientationPortrait UIInterfaceOrientationPortraitUpsideDown UIInterfaceOrientationLandscapeLeft UIInterfaceOrientationLandscapeRight";
				INFOPLIST_KEY_UISupportedInterfaceOrientations_iPhone = "UIInterfaceOrientationPortrait UIInterfaceOrientationLandscapeLeft UIInterfaceOrientationLandscapeRight";
				LD_RUNPATH_SEARCH_PATHS = (
					"$(inherited)",
					"@executable_path/Frameworks",
				);
				MARKETING_VERSION = 1.0;
				PRODUCT_BUNDLE_IDENTIFIER = com.brainway.ObjectiveCExample;
				PRODUCT_NAME = "$(TARGET_NAME)";
				SWIFT_EMIT_LOC_STRINGS = YES;
				SWIFT_OBJC_BRIDGING_HEADER = "ObjectiveCExample/ObjectiveCExample-Bridging-Header.h";
				SWIFT_OPTIMIZATION_LEVEL = "-Onone";
				SWIFT_VERSION = 5.0;
				TARGETED_DEVICE_FAMILY = "1,2";
			};
			name = Debug;
		};
		1BF50AFF2A30676A001B5582 /* Release */ = {
			isa = XCBuildConfiguration;
			baseConfigurationReference = FF081BA5780840FAA6F17650 /* Pods-ObjectiveCExample.release.xcconfig */;
			buildSettings = {
				ASSETCATALOG_COMPILER_APPICON_NAME = AppIcon;
				ASSETCATALOG_COMPILER_GLOBAL_ACCENT_COLOR_NAME = AccentColor;
				CLANG_ENABLE_MODULES = YES;
				CODE_SIGN_STYLE = Automatic;
				CURRENT_PROJECT_VERSION = 1;
				DEVELOPMENT_TEAM = 96GLU9F9BW;
				GENERATE_INFOPLIST_FILE = YES;
				INFOPLIST_FILE = ObjectiveCExample/Info.plist;
				INFOPLIST_KEY_UIApplicationSupportsIndirectInputEvents = YES;
				INFOPLIST_KEY_UILaunchStoryboardName = LaunchScreen;
				INFOPLIST_KEY_UIMainStoryboardFile = Main;
				INFOPLIST_KEY_UISupportedInterfaceOrientations_iPad = "UIInterfaceOrientationPortrait UIInterfaceOrientationPortraitUpsideDown UIInterfaceOrientationLandscapeLeft UIInterfaceOrientationLandscapeRight";
				INFOPLIST_KEY_UISupportedInterfaceOrientations_iPhone = "UIInterfaceOrientationPortrait UIInterfaceOrientationLandscapeLeft UIInterfaceOrientationLandscapeRight";
				LD_RUNPATH_SEARCH_PATHS = (
					"$(inherited)",
					"@executable_path/Frameworks",
				);
				MARKETING_VERSION = 1.0;
				PRODUCT_BUNDLE_IDENTIFIER = com.brainway.ObjectiveCExample;
				PRODUCT_NAME = "$(TARGET_NAME)";
				SWIFT_EMIT_LOC_STRINGS = YES;
				SWIFT_OBJC_BRIDGING_HEADER = "ObjectiveCExample/ObjectiveCExample-Bridging-Header.h";
				SWIFT_VERSION = 5.0;
				TARGETED_DEVICE_FAMILY = "1,2";
			};
			name = Release;
		};
/* End XCBuildConfiguration section */

/* Begin XCConfigurationList section */
		1BF50ADF2A306768001B5582 /* Build configuration list for PBXProject "ObjectiveCExample" */ = {
			isa = XCConfigurationList;
			buildConfigurations = (
				1BF50AFB2A30676A001B5582 /* Debug */,
				1BF50AFC2A30676A001B5582 /* Release */,
			);
			defaultConfigurationIsVisible = 0;
			defaultConfigurationName = Release;
		};
		1BF50AFD2A30676A001B5582 /* Build configuration list for PBXNativeTarget "ObjectiveCExample" */ = {
			isa = XCConfigurationList;
			buildConfigurations = (
				1BF50AFE2A30676A001B5582 /* Debug */,
				1BF50AFF2A30676A001B5582 /* Release */,
			);
			defaultConfigurationIsVisible = 0;
			defaultConfigurationName = Release;
		};
/* End XCConfigurationList section */
	};
	rootObject = 1BF50ADC2A306768001B5582 /* Project object */;
}
